{
  "originHash" : "14b46f42cb821f6a724bf97b4f0934138d5657736c3fa49e7f435436abed729a",
  "pins" : [
    {
      "identity" : "fuzi",
      "kind" : "remoteSourceControl",
      "location" : "https://github.com/readium/Fuzi.git",
      "state" : {
        "revision" : "347aab158ff8894966ff80469b384bb5337928cd",
        "version" : "4.0.0"
      }
    },
    {
      "identity" : "swift-toolkit",
      "kind" : "remoteSourceControl",
      "location" : "https://github.com/readium/swift-toolkit.git",
      "state" : {
        "revision" : "c7e573ca2cd48b1a4d424cacb97deb4ae607d091",
        "version" : "4.0.0-alpha.1"
      }
    },
    {
      "identity" : "swiftsoup",
      "kind" : "remoteSourceControl",
      "location" : "https://github.com/scinfu/SwiftSoup.git",
      "state" : {
        "revision" : "49dcadd93161f4a44b4994d3a3e8de9f085aface",
        "version" : "2.13.5"
      }
    },
    {
      "identity" : "zip",
      "kind" : "remoteSourceControl",
      "location" : "https://github.com/marmelroy/Zip.git",
      "state" : {
        "revision" : "67fa55813b9e7b3b9acee9c0ae501def28746d76",
        "version" : "2.1.2"
      }
    },
    {
      "identity" : "zipfoundation",
      "kind" : "remoteSourceControl",
      "location" : "https://github.com/readium/ZIPFoundation.git",
      "state" : {
        "revision" : "adb49c8bfe060cc187370b12fa081012a6440b86",
        "version" : "3.0.1"
      }
    }
  ],
  "version" : 3
}
